
Microsoft Visual Studio Solution File, Format Version 12.00
# Visual Studio Version 17
VisualStudioVersion = 17.5.33627.172
MinimumVisualStudioVersion = 10.0.40219.1
Project("{FAE04EC0-301F-11D3-BF4B-00C04F79EFBC}") = "MagicVilla_VillaAPI", "MagicVilla_VillaAPI\MagicVilla_VillaAPI.csproj", "{DF4632D2-43F3-44B5-9433-6B57257E16C7}"
EndProject
Global
	GlobalSection(SolutionConfigurationPlatforms) = preSolution
		Debug|Any CPU = Debug|Any CPU
		Release|Any CPU = Release|Any CPU
	EndGlobalSection
	GlobalSection(ProjectConfigurationPlatforms) = postSolution
		{DF4632D2-43F3-44B5-9433-6B57257E16C7}.Debug|Any CPU.ActiveCfg = Debug|Any CPU
		{DF4632D2-43F3-44B5-9433-6B57257E16C7}.Debug|Any CPU.Build.0 = Debug|Any CPU
		{DF4632D2-43F3-44B5-9433-6B57257E16C7}.Release|Any CPU.ActiveCfg = Release|Any CPU
		{DF4632D2-43F3-44B5-9433-6B57257E16C7}.Release|Any CPU.Build.0 = Release|Any CPU
	EndGlobalSection
	GlobalSection(SolutionProperties) = preSolution
		HideSolutionNode = FALSE
	EndGlobalSection
	GlobalSection(ExtensibilityGlobals) = postSolution
		SolutionGuid = {D7F743DA-1CCF-4710-AD0B-E022A6D2FD69}
	EndGlobalSection
EndGlobal
